{
  "requires": true,
  "lockfileVersion": 1,
  "dependencies": {
    "vis-data": {
      "version": "6.5.1",
      "resolved": "https://registry.npmjs.org/vis-data/-/vis-data-6.5.1.tgz",
      "integrity": "sha512-bOIG0REskXot0JbuAYLFRR61xf4ls+nIYNnZ7X04iq2y/Vrg896A/bfquQjhsERZipOmCgllAR0d58OGyo9s0g=="
    },
    "vis-network": {
      "version": "7.4.0",
      "resolved": "https://registry.npmjs.org/vis-network/-/vis-network-7.4.0.tgz",
      "integrity": "sha512-4vJH4D8HTLGPePX4h+CcWUnrgZhfiI2VrkHETnPXegKZZE06O4UJrydxooJuo0gh/hakDNo/2FtOZls/ewi+5A=="
    }
  }
}
